
Microsoft Visual Studio Solution File, Format Version 12.00
# Visual Studio 14
VisualStudioVersion = 14.0.25420.1
MinimumVisualStudioVersion = 10.0.40219.1
Project("{FAE04EC0-301F-11D3-BF4B-00C04F79EFBC}") = "BHounkpe_300769037_A2", "BHounkpe_300769037_A2\BHounkpe_300769037_A2.csproj", "{B138DB33-749E-4DEA-8E45-8B4A33FC1890}"
EndProject
Global
	GlobalSection(SolutionConfigurationPlatforms) = preSolution
		Debug|Any CPU = Debug|Any CPU
		Release|Any CPU = Release|Any CPU
	EndGlobalSection
	GlobalSection(ProjectConfigurationPlatforms) = postSolution
		{B138DB33-749E-4DEA-8E45-8B4A33FC1890}.Debug|Any CPU.ActiveCfg = Debug|Any CPU
		{B138DB33-749E-4DEA-8E45-8B4A33FC1890}.Debug|Any CPU.Build.0 = Debug|Any CPU
		{B138DB33-749E-4DEA-8E45-8B4A33FC1890}.Release|Any CPU.ActiveCfg = Release|Any CPU
		{B138DB33-749E-4DEA-8E45-8B4A33FC1890}.Release|Any CPU.Build.0 = Release|Any CPU
	EndGlobalSection
	GlobalSection(SolutionProperties) = preSolution
		HideSolutionNode = FALSE
	EndGlobalSection
EndGlobal
