
Microsoft Visual Studio Solution File, Format Version 12.00
# Visual Studio 14
VisualStudioVersion = 14.0.25420.1
MinimumVisualStudioVersion = 10.0.40219.1
Project("{FAE04EC0-301F-11D3-BF4B-00C04F79EFBC}") = "S5W12C1E1", "S5W12C1E1\S5W12C1E1.csproj", "{14D52755-5DEA-45C7-947C-10BA8AB62344}"
EndProject
Project("{FAE04EC0-301F-11D3-BF4B-00C04F79EFBC}") = "S5W12C1E2", "S5W12C1E2\S5W12C1E2.csproj", "{86DB8917-D387-4CB0-9CC1-9A22C23F6C0E}"
EndProject
Global
	GlobalSection(SolutionConfigurationPlatforms) = preSolution
		Debug|Any CPU = Debug|Any CPU
		Release|Any CPU = Release|Any CPU
	EndGlobalSection
	GlobalSection(ProjectConfigurationPlatforms) = postSolution
		{14D52755-5DEA-45C7-947C-10BA8AB62344}.Debug|Any CPU.ActiveCfg = Debug|Any CPU
		{14D52755-5DEA-45C7-947C-10BA8AB62344}.Debug|Any CPU.Build.0 = Debug|Any CPU
		{14D52755-5DEA-45C7-947C-10BA8AB62344}.Release|Any CPU.ActiveCfg = Release|Any CPU
		{14D52755-5DEA-45C7-947C-10BA8AB62344}.Release|Any CPU.Build.0 = Release|Any CPU
		{86DB8917-D387-4CB0-9CC1-9A22C23F6C0E}.Debug|Any CPU.ActiveCfg = Debug|Any CPU
		{86DB8917-D387-4CB0-9CC1-9A22C23F6C0E}.Debug|Any CPU.Build.0 = Debug|Any CPU
		{86DB8917-D387-4CB0-9CC1-9A22C23F6C0E}.Release|Any CPU.ActiveCfg = Release|Any CPU
		{86DB8917-D387-4CB0-9CC1-9A22C23F6C0E}.Release|Any CPU.Build.0 = Release|Any CPU
	EndGlobalSection
	GlobalSection(SolutionProperties) = preSolution
		HideSolutionNode = FALSE
	EndGlobalSection
EndGlobal
