
Microsoft Visual Studio Solution File, Format Version 12.00
# Visual Studio 14
VisualStudioVersion = 14.0.25420.1
MinimumVisualStudioVersion = 10.0.40219.1
Project("{FAE04EC0-301F-11D3-BF4B-00C04F79EFBC}") = "S5W7C1EX2", "S5W7C1EX2\S5W7C1EX2.csproj", "{729CDCEA-BB0D-4DC6-8BB4-86DA0720F4EF}"
EndProject
Project("{FAE04EC0-301F-11D3-BF4B-00C04F79EFBC}") = "SchoolLib", "SchoolLib\SchoolLib.csproj", "{E50E5045-CE88-45DF-9523-FB602416B06C}"
EndProject
Global
	GlobalSection(SolutionConfigurationPlatforms) = preSolution
		Debug|Any CPU = Debug|Any CPU
		Release|Any CPU = Release|Any CPU
	EndGlobalSection
	GlobalSection(ProjectConfigurationPlatforms) = postSolution
		{729CDCEA-BB0D-4DC6-8BB4-86DA0720F4EF}.Debug|Any CPU.ActiveCfg = Debug|Any CPU
		{729CDCEA-BB0D-4DC6-8BB4-86DA0720F4EF}.Debug|Any CPU.Build.0 = Debug|Any CPU
		{729CDCEA-BB0D-4DC6-8BB4-86DA0720F4EF}.Release|Any CPU.ActiveCfg = Release|Any CPU
		{729CDCEA-BB0D-4DC6-8BB4-86DA0720F4EF}.Release|Any CPU.Build.0 = Release|Any CPU
		{E50E5045-CE88-45DF-9523-FB602416B06C}.Debug|Any CPU.ActiveCfg = Debug|Any CPU
		{E50E5045-CE88-45DF-9523-FB602416B06C}.Debug|Any CPU.Build.0 = Debug|Any CPU
		{E50E5045-CE88-45DF-9523-FB602416B06C}.Release|Any CPU.ActiveCfg = Release|Any CPU
		{E50E5045-CE88-45DF-9523-FB602416B06C}.Release|Any CPU.Build.0 = Release|Any CPU
	EndGlobalSection
	GlobalSection(SolutionProperties) = preSolution
		HideSolutionNode = FALSE
	EndGlobalSection
EndGlobal
