
Microsoft Visual Studio Solution File, Format Version 12.00
# Visual Studio 14
VisualStudioVersion = 14.0.25420.1
MinimumVisualStudioVersion = 10.0.40219.1
Project("{FAE04EC0-301F-11D3-BF4B-00C04F79EFBC}") = "S5W2C1E1", "S5W2C1E1\S5W2C1E1.csproj", "{3233EA71-4026-4BBD-8802-2F4B1FA703A5}"
EndProject
Project("{FAE04EC0-301F-11D3-BF4B-00C04F79EFBC}") = "S5W2C1E2", "S5W2C1E2\S5W2C1E2.csproj", "{717C4D48-7939-489E-B3A9-519FFDA2A5E5}"
EndProject
Global
	GlobalSection(SolutionConfigurationPlatforms) = preSolution
		Debug|Any CPU = Debug|Any CPU
		Release|Any CPU = Release|Any CPU
	EndGlobalSection
	GlobalSection(ProjectConfigurationPlatforms) = postSolution
		{3233EA71-4026-4BBD-8802-2F4B1FA703A5}.Debug|Any CPU.ActiveCfg = Debug|Any CPU
		{3233EA71-4026-4BBD-8802-2F4B1FA703A5}.Debug|Any CPU.Build.0 = Debug|Any CPU
		{3233EA71-4026-4BBD-8802-2F4B1FA703A5}.Release|Any CPU.ActiveCfg = Release|Any CPU
		{3233EA71-4026-4BBD-8802-2F4B1FA703A5}.Release|Any CPU.Build.0 = Release|Any CPU
		{717C4D48-7939-489E-B3A9-519FFDA2A5E5}.Debug|Any CPU.ActiveCfg = Debug|Any CPU
		{717C4D48-7939-489E-B3A9-519FFDA2A5E5}.Debug|Any CPU.Build.0 = Debug|Any CPU
		{717C4D48-7939-489E-B3A9-519FFDA2A5E5}.Release|Any CPU.ActiveCfg = Release|Any CPU
		{717C4D48-7939-489E-B3A9-519FFDA2A5E5}.Release|Any CPU.Build.0 = Release|Any CPU
	EndGlobalSection
	GlobalSection(SolutionProperties) = preSolution
		HideSolutionNode = FALSE
	EndGlobalSection
EndGlobal
