
Microsoft Visual Studio Solution File, Format Version 12.00
# Visual Studio 14
VisualStudioVersion = 14.0.25420.1
MinimumVisualStudioVersion = 10.0.40219.1
Project("{FAE04EC0-301F-11D3-BF4B-00C04F79EFBC}") = "S5W5C2E1", "S5W5C2E1\S5W5C2E1.csproj", "{6B33A234-727E-406B-BF09-38DB48BB9A6E}"
EndProject
Project("{FAE04EC0-301F-11D3-BF4B-00C04F79EFBC}") = "S5W5C2E2", "S5W5C2E2\S5W5C2E2.csproj", "{00BA5A97-8C79-48C2-B75E-3CB9BE354E57}"
EndProject
Project("{FAE04EC0-301F-11D3-BF4B-00C04F79EFBC}") = "S5W5C2E3", "S5W5C2E3\S5W5C2E3.csproj", "{8ABF69AE-5F29-458D-95EE-1CD32B432026}"
EndProject
Global
	GlobalSection(SolutionConfigurationPlatforms) = preSolution
		Debug|Any CPU = Debug|Any CPU
		Release|Any CPU = Release|Any CPU
	EndGlobalSection
	GlobalSection(ProjectConfigurationPlatforms) = postSolution
		{6B33A234-727E-406B-BF09-38DB48BB9A6E}.Debug|Any CPU.ActiveCfg = Debug|Any CPU
		{6B33A234-727E-406B-BF09-38DB48BB9A6E}.Debug|Any CPU.Build.0 = Debug|Any CPU
		{6B33A234-727E-406B-BF09-38DB48BB9A6E}.Release|Any CPU.ActiveCfg = Release|Any CPU
		{6B33A234-727E-406B-BF09-38DB48BB9A6E}.Release|Any CPU.Build.0 = Release|Any CPU
		{00BA5A97-8C79-48C2-B75E-3CB9BE354E57}.Debug|Any CPU.ActiveCfg = Debug|Any CPU
		{00BA5A97-8C79-48C2-B75E-3CB9BE354E57}.Debug|Any CPU.Build.0 = Debug|Any CPU
		{00BA5A97-8C79-48C2-B75E-3CB9BE354E57}.Release|Any CPU.ActiveCfg = Release|Any CPU
		{00BA5A97-8C79-48C2-B75E-3CB9BE354E57}.Release|Any CPU.Build.0 = Release|Any CPU
		{8ABF69AE-5F29-458D-95EE-1CD32B432026}.Debug|Any CPU.ActiveCfg = Debug|Any CPU
		{8ABF69AE-5F29-458D-95EE-1CD32B432026}.Debug|Any CPU.Build.0 = Debug|Any CPU
		{8ABF69AE-5F29-458D-95EE-1CD32B432026}.Release|Any CPU.ActiveCfg = Release|Any CPU
		{8ABF69AE-5F29-458D-95EE-1CD32B432026}.Release|Any CPU.Build.0 = Release|Any CPU
	EndGlobalSection
	GlobalSection(SolutionProperties) = preSolution
		HideSolutionNode = FALSE
	EndGlobalSection
EndGlobal
