
Microsoft Visual Studio Solution File, Format Version 12.00
# Visual Studio 14
VisualStudioVersion = 14.0.25420.1
MinimumVisualStudioVersion = 10.0.40219.1
Project("{FAE04EC0-301F-11D3-BF4B-00C04F79EFBC}") = "S5W3C2E1", "S5W3C2E1\S5W3C2E1.csproj", "{641279FD-27D7-495A-A7B2-3BF9C44B8F95}"
EndProject
Project("{FAE04EC0-301F-11D3-BF4B-00C04F79EFBC}") = "S5W3C2E2", "S5W3C2E2\S5W3C2E2.csproj", "{E66A2011-D6DF-4813-94AF-8B2AA24BB68A}"
EndProject
Global
	GlobalSection(SolutionConfigurationPlatforms) = preSolution
		Debug|Any CPU = Debug|Any CPU
		Release|Any CPU = Release|Any CPU
	EndGlobalSection
	GlobalSection(ProjectConfigurationPlatforms) = postSolution
		{641279FD-27D7-495A-A7B2-3BF9C44B8F95}.Debug|Any CPU.ActiveCfg = Debug|Any CPU
		{641279FD-27D7-495A-A7B2-3BF9C44B8F95}.Debug|Any CPU.Build.0 = Debug|Any CPU
		{641279FD-27D7-495A-A7B2-3BF9C44B8F95}.Release|Any CPU.ActiveCfg = Release|Any CPU
		{641279FD-27D7-495A-A7B2-3BF9C44B8F95}.Release|Any CPU.Build.0 = Release|Any CPU
		{E66A2011-D6DF-4813-94AF-8B2AA24BB68A}.Debug|Any CPU.ActiveCfg = Debug|Any CPU
		{E66A2011-D6DF-4813-94AF-8B2AA24BB68A}.Debug|Any CPU.Build.0 = Debug|Any CPU
		{E66A2011-D6DF-4813-94AF-8B2AA24BB68A}.Release|Any CPU.ActiveCfg = Release|Any CPU
		{E66A2011-D6DF-4813-94AF-8B2AA24BB68A}.Release|Any CPU.Build.0 = Release|Any CPU
	EndGlobalSection
	GlobalSection(SolutionProperties) = preSolution
		HideSolutionNode = FALSE
	EndGlobalSection
EndGlobal
